
Microsoft Visual Studio Solution File, Format Version 12.00
# Visual Studio Version 17
VisualStudioVersion = 17.12.35527.113
MinimumVisualStudioVersion = 10.0.40219.1
Project("{FAE04EC0-301F-11D3-BF4B-00C04F79EFBC}") = "HealthcareAPI", "HealtcareAPI\HealthcareAPI.csproj", "{93AD8AAB-A457-4102-8DDE-54DB3B077CBF}"
EndProject
Project("{FAE04EC0-301F-11D3-BF4B-00C04F79EFBC}") = "HealthCare.Data", "HealthCare.Data\HealthCare.Data.csproj", "{8A11B435-5DD4-4C8B-AA2C-EF6FE9769E77}"
EndProject
Project("{FAE04EC0-301F-11D3-BF4B-00C04F79EFBC}") = "Healthcare.Common", "Healthcare.Common\Healthcare.Common.csproj", "{DE31C101-4D0C-42C6-9781-75BFC127AE84}"
EndProject
Project("{FAE04EC0-301F-11D3-BF4B-00C04F79EFBC}") = "Healthcare.BR", "Healthcare.BR\Healthcare.BR.csproj", "{1D6F088C-8269-45D2-BC86-759A05FFA3A7}"
EndProject
Global
	GlobalSection(SolutionConfigurationPlatforms) = preSolution
		Debug|Any CPU = Debug|Any CPU
		Release|Any CPU = Release|Any CPU
	EndGlobalSection
	GlobalSection(ProjectConfigurationPlatforms) = postSolution
		{93AD8AAB-A457-4102-8DDE-54DB3B077CBF}.Debug|Any CPU.ActiveCfg = Debug|Any CPU
		{93AD8AAB-A457-4102-8DDE-54DB3B077CBF}.Debug|Any CPU.Build.0 = Debug|Any CPU
		{93AD8AAB-A457-4102-8DDE-54DB3B077CBF}.Release|Any CPU.ActiveCfg = Release|Any CPU
		{93AD8AAB-A457-4102-8DDE-54DB3B077CBF}.Release|Any CPU.Build.0 = Release|Any CPU
		{8A11B435-5DD4-4C8B-AA2C-EF6FE9769E77}.Debug|Any CPU.ActiveCfg = Debug|Any CPU
		{8A11B435-5DD4-4C8B-AA2C-EF6FE9769E77}.Debug|Any CPU.Build.0 = Debug|Any CPU
		{8A11B435-5DD4-4C8B-AA2C-EF6FE9769E77}.Release|Any CPU.ActiveCfg = Release|Any CPU
		{8A11B435-5DD4-4C8B-AA2C-EF6FE9769E77}.Release|Any CPU.Build.0 = Release|Any CPU
		{DE31C101-4D0C-42C6-9781-75BFC127AE84}.Debug|Any CPU.ActiveCfg = Debug|Any CPU
		{DE31C101-4D0C-42C6-9781-75BFC127AE84}.Debug|Any CPU.Build.0 = Debug|Any CPU
		{DE31C101-4D0C-42C6-9781-75BFC127AE84}.Release|Any CPU.ActiveCfg = Release|Any CPU
		{DE31C101-4D0C-42C6-9781-75BFC127AE84}.Release|Any CPU.Build.0 = Release|Any CPU
		{1D6F088C-8269-45D2-BC86-759A05FFA3A7}.Debug|Any CPU.ActiveCfg = Debug|Any CPU
		{1D6F088C-8269-45D2-BC86-759A05FFA3A7}.Debug|Any CPU.Build.0 = Debug|Any CPU
		{1D6F088C-8269-45D2-BC86-759A05FFA3A7}.Release|Any CPU.ActiveCfg = Release|Any CPU
		{1D6F088C-8269-45D2-BC86-759A05FFA3A7}.Release|Any CPU.Build.0 = Release|Any CPU
	EndGlobalSection
	GlobalSection(SolutionProperties) = preSolution
		HideSolutionNode = FALSE
	EndGlobalSection
EndGlobal
